
Microsoft Visual Studio Solution File, Format Version 12.00
# Visual Studio 15
VisualStudioVersion = 15.0.28307.271
MinimumVisualStudioVersion = 10.0.40219.1
Project("{FAE04EC0-301F-11D3-BF4B-00C04F79EFBC}") = "Demo_ASP.netMVC02", "Demo_ASP.netMVC02\Demo_ASP.netMVC02.csproj", "{1D3692A0-7596-4268-838A-227CDADC2492}"
EndProject
Global
	GlobalSection(SolutionConfigurationPlatforms) = preSolution
		Debug|Any CPU = Debug|Any CPU
		Release|Any CPU = Release|Any CPU
	EndGlobalSection
	GlobalSection(ProjectConfigurationPlatforms) = postSolution
		{1D3692A0-7596-4268-838A-227CDADC2492}.Debug|Any CPU.ActiveCfg = Debug|Any CPU
		{1D3692A0-7596-4268-838A-227CDADC2492}.Debug|Any CPU.Build.0 = Debug|Any CPU
		{1D3692A0-7596-4268-838A-227CDADC2492}.Release|Any CPU.ActiveCfg = Release|Any CPU
		{1D3692A0-7596-4268-838A-227CDADC2492}.Release|Any CPU.Build.0 = Release|Any CPU
	EndGlobalSection
	GlobalSection(SolutionProperties) = preSolution
		HideSolutionNode = FALSE
	EndGlobalSection
	GlobalSection(ExtensibilityGlobals) = postSolution
		SolutionGuid = {8E1D83AB-0C6C-4C84-B75B-9AF881827AEF}
	EndGlobalSection
EndGlobal
